
Microsoft Visual Studio Solution File, Format Version 12.00
# Visual Studio Version 16
VisualStudioVersion = 16.0.31129.286
MinimumVisualStudioVersion = 10.0.40219.1
Project("{FAE04EC0-301F-11D3-BF4B-00C04F79EFBC}") = "login register api", "login register api\login register api.csproj", "{4AFB0E35-C430-4C6E-8389-A8F9CB57915D}"
EndProject
Global
	GlobalSection(SolutionConfigurationPlatforms) = preSolution
		Debug|Any CPU = Debug|Any CPU
		Release|Any CPU = Release|Any CPU
	EndGlobalSection
	GlobalSection(ProjectConfigurationPlatforms) = postSolution
		{4AFB0E35-C430-4C6E-8389-A8F9CB57915D}.Debug|Any CPU.ActiveCfg = Debug|Any CPU
		{4AFB0E35-C430-4C6E-8389-A8F9CB57915D}.Debug|Any CPU.Build.0 = Debug|Any CPU
		{4AFB0E35-C430-4C6E-8389-A8F9CB57915D}.Release|Any CPU.ActiveCfg = Release|Any CPU
		{4AFB0E35-C430-4C6E-8389-A8F9CB57915D}.Release|Any CPU.Build.0 = Release|Any CPU
	EndGlobalSection
	GlobalSection(SolutionProperties) = preSolution
		HideSolutionNode = FALSE
	EndGlobalSection
	GlobalSection(ExtensibilityGlobals) = postSolution
		SolutionGuid = {121DC6D8-03FE-4363-845C-B0F3C1BBD1E0}
	EndGlobalSection
EndGlobal
